Microsoft Visual Studio Solution File, Format Version 12.00
# Visual Studio Version 17
VisualStudioVersion = 17.5.2.0
MinimumVisualStudioVersion = 10.0.40219.1
Project("{FAE04EC0-301F-11D3-BF4B-00C04F79EFBC}") = "IvanaP", "IvanaP.csproj", "{22428203-0DC0-6109-7E35-672AB647AE76}"
EndProject
Global
	GlobalSection(SolutionConfigurationPlatforms) = preSolution
		Debug|Any CPU = Debug|Any CPU
		Release|Any CPU = Release|Any CPU
	EndGlobalSection
	GlobalSection(ProjectConfigurationPlatforms) = postSolution
		{22428203-0DC0-6109-7E35-672AB647AE76}.Debug|Any CPU.ActiveCfg = Debug|Any CPU
		{22428203-0DC0-6109-7E35-672AB647AE76}.Debug|Any CPU.Build.0 = Debug|Any CPU
		{22428203-0DC0-6109-7E35-672AB647AE76}.Release|Any CPU.ActiveCfg = Release|Any CPU
		{22428203-0DC0-6109-7E35-672AB647AE76}.Release|Any CPU.Build.0 = Release|Any CPU
	EndGlobalSection
	GlobalSection(SolutionProperties) = preSolution
		HideSolutionNode = FALSE
	EndGlobalSection
	GlobalSection(ExtensibilityGlobals) = postSolution
		SolutionGuid = {6A979CBA-2D42-4613-A961-DB553EDA4522}
	EndGlobalSection
EndGlobal
